// !$*UTF8*$!
{
	archiveVersion = 1;
	classes = {
	};
	objectVersion = 46;
	objects = {

/* Begin PBXBuildFile section */
		C2021A6F1CA19DB500292F86 /* BaselineSurveyViewController.swift in Sources */ = {isa = PBXBuildFile; fileRef = C2021A6E1CA19DB500292F86 /* BaselineSurveyViewController.swift */; };
		C20764431C76404500956A3D /* ResearchContainerViewController.swift in Sources */ = {isa = PBXBuildFile; fileRef = C20764421C76404500956A3D /* ResearchContainerViewController.swift */; };
		C20764471C76412600956A3D /* ResearchContrainerSegue.swift in Sources */ = {isa = PBXBuildFile; fileRef = C20764461C76412600956A3D /* ResearchContrainerSegue.swift */; };
		C207644B1C76422200956A3D /* OnboardingViewController.swift in Sources */ = {isa = PBXBuildFile; fileRef = C207644A1C76422200956A3D /* OnboardingViewController.swift */; };
		C207644D1C76424D00956A3D /* IntroductionViewController.swift in Sources */ = {isa = PBXBuildFile; fileRef = C207644C1C76424D00956A3D /* IntroductionViewController.swift */; };
		C20764501C7642A000956A3D /* DashboardTableViewController.swift in Sources */ = {isa = PBXBuildFile; fileRef = C207644F1C7642A000956A3D /* DashboardTableViewController.swift */; };
		C20764521C7642FC00956A3D /* PieChartDataSource.swift in Sources */ = {isa = PBXBuildFile; fileRef = C20764511C7642FC00956A3D /* PieChartDataSource.swift */; };
		C20764541C76431100956A3D /* DiscreteGraphDataSource.swift in Sources */ = {isa = PBXBuildFile; fileRef = C20764531C76431100956A3D /* DiscreteGraphDataSource.swift */; };
		C20764561C76431900956A3D /* LineGraphDataSource.swift in Sources */ = {isa = PBXBuildFile; fileRef = C20764551C76431900956A3D /* LineGraphDataSource.swift */; };
		C20764591C7643AF00956A3D /* ActivityViewController.swift in Sources */ = {isa = PBXBuildFile; fileRef = C20764581C7643AF00956A3D /* ActivityViewController.swift */; };
		C207645B1C7643BB00956A3D /* StudyTasks.swift in Sources */ = {isa = PBXBuildFile; fileRef = C207645A1C7643BB00956A3D /* StudyTasks.swift */; };
		C20764601C7643E700956A3D /* ProfileHeaderView.swift in Sources */ = {isa = PBXBuildFile; fileRef = C207645D1C7643E700956A3D /* ProfileHeaderView.swift */; };
		C20764611C7643E700956A3D /* ProfileStaticTableViewCell.swift in Sources */ = {isa = PBXBuildFile; fileRef = C207645E1C7643E700956A3D /* ProfileStaticTableViewCell.swift */; };
		C20764621C7643E700956A3D /* ProfileViewController.swift in Sources */ = {isa = PBXBuildFile; fileRef = C207645F1C7643E700956A3D /* ProfileViewController.swift */; };
		C20764651C76441A00956A3D /* WithdrawViewController.swift in Sources */ = {isa = PBXBuildFile; fileRef = C20764641C76441A00956A3D /* WithdrawViewController.swift */; };
		C207646A1C76449500956A3D /* HealthDataStep.swift in Sources */ = {isa = PBXBuildFile; fileRef = C20764681C76449500956A3D /* HealthDataStep.swift */; };
		C207646B1C76449500956A3D /* HealthDataStepViewController.swift in Sources */ = {isa = PBXBuildFile; fileRef = C20764691C76449500956A3D /* HealthDataStepViewController.swift */; };
		C207646D1C76450800956A3D /* ConsentDocument.swift in Sources */ = {isa = PBXBuildFile; fileRef = C207646C1C76450800956A3D /* ConsentDocument.swift */; };
		C207646F1C76451F00956A3D /* HealthClientType.swift in Sources */ = {isa = PBXBuildFile; fileRef = C207646E1C76451F00956A3D /* HealthClientType.swift */; };
		C20764711C76452900956A3D /* AnimatableChart.swift in Sources */ = {isa = PBXBuildFile; fileRef = C20764701C76452900956A3D /* AnimatableChart.swift */; };
		C20764731C76454700956A3D /* HKHealthStore+Queries.swift in Sources */ = {isa = PBXBuildFile; fileRef = C20764721C76454700956A3D /* HKHealthStore+Queries.swift */; };
		C20865761C860F69000F90C8 /* Main.storyboard in Resources */ = {isa = PBXBuildFile; fileRef = C20865751C860F69000F90C8 /* Main.storyboard */; };
		C20D450B1C87653D002290AA /* ResetPasswordController.swift in Sources */ = {isa = PBXBuildFile; fileRef = C20D450A1C87653D002290AA /* ResetPasswordController.swift */; };
		C20F9CEE1C7B75C00045AA48 /* AppDelegate.swift in Sources */ = {isa = PBXBuildFile; fileRef = C26E478E1C25B8E500D6EA47 /* AppDelegate.swift */; };
		C20F9CF41C7B88CB0045AA48 /* FeedbackViewController.swift in Sources */ = {isa = PBXBuildFile; fileRef = C20F9CF31C7B88CB0045AA48 /* FeedbackViewController.swift */; };
		C210B4871C9C800500EB2522 /* CASActivityViewController.swift in Sources */ = {isa = PBXBuildFile; fileRef = C210B4861C9C800400EB2522 /* CASActivityViewController.swift */; };
		C217283B1C794597008D2BC3 /* HealthKit.framework in Frameworks */ = {isa = PBXBuildFile; fileRef = C217283A1C794597008D2BC3 /* HealthKit.framework */; };
		C21B5D751CA05805005020C0 /* CASMorningSurveyViewController.swift in Sources */ = {isa = PBXBuildFile; fileRef = C21B5D741CA05805005020C0 /* CASMorningSurveyViewController.swift */; };
		C2387EF71CA996B300CC7BD1 /* CASConstants.swift in Sources */ = {isa = PBXBuildFile; fileRef = C2387EF61CA996B300CC7BD1 /* CASConstants.swift */; };
		C25041AB1C8CA94B00DC78FB /* CoreData.framework in Frameworks */ = {isa = PBXBuildFile; fileRef = C25041AA1C8CA94B00DC78FB /* CoreData.framework */; };
		C26C5A0D1C8B5FDB009FECB3 /* IneligibleStep.swift in Sources */ = {isa = PBXBuildFile; fileRef = C26C5A0C1C8B5FDB009FECB3 /* IneligibleStep.swift */; };
		C26C5A0F1C8B604B009FECB3 /* IneligibleViewController.swift in Sources */ = {isa = PBXBuildFile; fileRef = C26C5A0E1C8B604B009FECB3 /* IneligibleViewController.swift */; };
		C26E47961C25B8E500D6EA47 /* Assets.xcassets in Resources */ = {isa = PBXBuildFile; fileRef = C26E47951C25B8E500D6EA47 /* Assets.xcassets */; };
		C26E47A41C25B8E500D6EA47 /* motionTests.swift in Sources */ = {isa = PBXBuildFile; fileRef = C26E47A31C25B8E500D6EA47 /* motionTests.swift */; };
		C26E48191C25DB3A00D6EA47 /* LaunchScreen.xib in Resources */ = {isa = PBXBuildFile; fileRef = C26E48181C25DB3A00D6EA47 /* LaunchScreen.xib */; };
		C27384911CBEB5FF004A743C /* Participants.swift in Sources */ = {isa = PBXBuildFile; fileRef = C27384901CBEB5FF004A743C /* Participants.swift */; };
		C2BD5FDA1CBE9198002EDAD0 /* Realm.framework in Frameworks */ = {isa = PBXBuildFile; fileRef = C2BD5FD91CBE9198002EDAD0 /* Realm.framework */; };
		C2BD5FDE1CBE91A0002EDAD0 /* RealmSwift.framework in Frameworks */ = {isa = PBXBuildFile; fileRef = C2BD5FDD1CBE91A0002EDAD0 /* RealmSwift.framework */; };
		C2BD5FDF1CBE91C7002EDAD0 /* RealmSwift.framework in Frameworks */ = {isa = PBXBuildFile; fileRef = C2BD5FDD1CBE91A0002EDAD0 /* RealmSwift.framework */; };
		C2BD5FE01CBE91C7002EDAD0 /* RealmSwift.framework in Embed Frameworks */ = {isa = PBXBuildFile; fileRef = C2BD5FDD1CBE91A0002EDAD0 /* RealmSwift.framework */; settings = {ATTRIBUTES = (CodeSignOnCopy, RemoveHeadersOnCopy, ); }; };
		C2BD5FE11CBE91C7002EDAD0 /* Realm.framework in Frameworks */ = {isa = PBXBuildFile; fileRef = C2BD5FD91CBE9198002EDAD0 /* Realm.framework */; };
		C2BD5FE21CBE91C7002EDAD0 /* Realm.framework in Embed Frameworks */ = {isa = PBXBuildFile; fileRef = C2BD5FD91CBE9198002EDAD0 /* Realm.framework */; settings = {ATTRIBUTES = (CodeSignOnCopy, RemoveHeadersOnCopy, ); }; };
		C2D9834C1CB82491003C8B22 /* ResearchKit.framework in Embed Frameworks */ = {isa = PBXBuildFile; fileRef = C24D64AB1CB802D600EDC11B /* ResearchKit.framework */; settings = {ATTRIBUTES = (CodeSignOnCopy, RemoveHeadersOnCopy, ); }; };
		C2FDBFE41CBC10CB0000DD73 /* MorningTaskViewController.swift in Sources */ = {isa = PBXBuildFile; fileRef = C2FDBFE31CBC10CB0000DD73 /* MorningTaskViewController.swift */; };
		C2FDBFE61CBC13880000DD73 /* EventTaskViewController.swift in Sources */ = {isa = PBXBuildFile; fileRef = C2FDBFE51CBC13880000DD73 /* EventTaskViewController.swift */; };
/* End PBXBuildFile section */

/* Begin PBXContainerItemProxy section */
		C24D64AA1CB802D600EDC11B /* PBXContainerItemProxy */ = {
			isa = PBXContainerItemProxy;
			containerPortal = C24D649B1CB802D400EDC11B /* ResearchKit.xcodeproj */;
			proxyType = 2;
			remoteGlobalIDString = B183A5951A8535D100C76870;
			remoteInfo = ResearchKit;
		};
		C24D64AC1CB802D600EDC11B /* PBXContainerItemProxy */ = {
			isa = PBXContainerItemProxy;
			containerPortal = C24D649B1CB802D400EDC11B /* ResearchKit.xcodeproj */;
			proxyType = 2;
			remoteGlobalIDString = 86CC8E9A1AC09332001CCD89;
			remoteInfo = ResearchKitTests;
		};
		C26E47A01C25B8E500D6EA47 /* PBXContainerItemProxy */ = {
			isa = PBXContainerItemProxy;
			containerPortal = C26E47831C25B8E500D6EA47 /* Project object */;
			proxyType = 1;
			remoteGlobalIDString = C26E478A1C25B8E500D6EA47;
			remoteInfo = motion;
		};
		C26E47AB1C25B8E500D6EA47 /* PBXContainerItemProxy */ = {
			isa = PBXContainerItemProxy;
			containerPortal = C26E47831C25B8E500D6EA47 /* Project object */;
			proxyType = 1;
			remoteGlobalIDString = C26E478A1C25B8E500D6EA47;
			remoteInfo = motion;
		};
		C2D9834D1CB82491003C8B22 /* PBXContainerItemProxy */ = {
			isa = PBXContainerItemProxy;
			containerPortal = C24D649B1CB802D400EDC11B /* ResearchKit.xcodeproj */;
			proxyType = 1;
			remoteGlobalIDString = B183A4731A8535D100C76870;
			remoteInfo = ResearchKit;
		};
/* End PBXContainerItemProxy section */

/* Begin PBXCopyFilesBuildPhase section */
		C207647A1C7649D100956A3D /* Embed Frameworks */ = {
			isa = PBXCopyFilesBuildPhase;
			buildActionMask = 2147483647;
			dstPath = "";
			dstSubfolderSpec = 10;
			files = (
				C2BD5FE21CBE91C7002EDAD0 /* Realm.framework in Embed Frameworks */,
				C2BD5FE01CBE91C7002EDAD0 /* RealmSwift.framework in Embed Frameworks */,
				C2D9834C1CB82491003C8B22 /* ResearchKit.framework in Embed Frameworks */,
			);
			name = "Embed Frameworks";
			runOnlyForDeploymentPostprocessing = 0;
		};
/* End PBXCopyFilesBuildPhase section */

/* Begin PBXFileReference section */
		C2021A6E1CA19DB500292F86 /* BaselineSurveyViewController.swift */ = {isa = PBXFileReference; fileEncoding = 4; lastKnownFileType = sourcecode.swift; path = BaselineSurveyViewController.swift; sourceTree = "<group>"; };
		C205B6DC1C908E4400230930 /* tap.aif */ = {isa = PBXFileReference; lastKnownFileType = file; path = tap.aif; sourceTree = "<group>"; };
		C20764421C76404500956A3D /* ResearchContainerViewController.swift */ = {isa = PBXFileReference; fileEncoding = 4; lastKnownFileType = sourcecode.swift; path = ResearchContainerViewController.swift; sourceTree = "<group>"; };
		C20764461C76412600956A3D /* ResearchContrainerSegue.swift */ = {isa = PBXFileReference; fileEncoding = 4; lastKnownFileType = sourcecode.swift; path = ResearchContrainerSegue.swift; sourceTree = "<group>"; };
		C207644A1C76422200956A3D /* OnboardingViewController.swift */ = {isa = PBXFileReference; fileEncoding = 4; lastKnownFileType = sourcecode.swift; path = OnboardingViewController.swift; sourceTree = "<group>"; };
		C207644C1C76424D00956A3D /* IntroductionViewController.swift */ = {isa = PBXFileReference; fileEncoding = 4; lastKnownFileType = sourcecode.swift; path = IntroductionViewController.swift; sourceTree = "<group>"; };
		C207644F1C7642A000956A3D /* DashboardTableViewController.swift */ = {isa = PBXFileReference; fileEncoding = 4; lastKnownFileType = sourcecode.swift; path = DashboardTableViewController.swift; sourceTree = "<group>"; };
		C20764511C7642FC00956A3D /* PieChartDataSource.swift */ = {isa = PBXFileReference; fileEncoding = 4; lastKnownFileType = sourcecode.swift; path = PieChartDataSource.swift; sourceTree = "<group>"; };
		C20764531C76431100956A3D /* DiscreteGraphDataSource.swift */ = {isa = PBXFileReference; fileEncoding = 4; lastKnownFileType = sourcecode.swift; path = DiscreteGraphDataSource.swift; sourceTree = "<group>"; };
		C20764551C76431900956A3D /* LineGraphDataSource.swift */ = {isa = PBXFileReference; fileEncoding = 4; lastKnownFileType = sourcecode.swift; path = LineGraphDataSource.swift; sourceTree = "<group>"; };
		C20764581C7643AF00956A3D /* ActivityViewController.swift */ = {isa = PBXFileReference; fileEncoding = 4; lastKnownFileType = sourcecode.swift; path = ActivityViewController.swift; sourceTree = "<group>"; };
		C207645A1C7643BB00956A3D /* StudyTasks.swift */ = {isa = PBXFileReference; fileEncoding = 4; lastKnownFileType = sourcecode.swift; path = StudyTasks.swift; sourceTree = "<group>"; };
		C207645D1C7643E700956A3D /* ProfileHeaderView.swift */ = {isa = PBXFileReference; fileEncoding = 4; lastKnownFileType = sourcecode.swift; path = ProfileHeaderView.swift; sourceTree = "<group>"; };
		C207645E1C7643E700956A3D /* ProfileStaticTableViewCell.swift */ = {isa = PBXFileReference; fileEncoding = 4; lastKnownFileType = sourcecode.swift; path = ProfileStaticTableViewCell.swift; sourceTree = "<group>"; };
		C207645F1C7643E700956A3D /* ProfileViewController.swift */ = {isa = PBXFileReference; fileEncoding = 4; lastKnownFileType = sourcecode.swift; path = ProfileViewController.swift; sourceTree = "<group>"; };
		C20764641C76441A00956A3D /* WithdrawViewController.swift */ = {isa = PBXFileReference; fileEncoding = 4; lastKnownFileType = sourcecode.swift; path = WithdrawViewController.swift; sourceTree = "<group>"; };
		C20764681C76449500956A3D /* HealthDataStep.swift */ = {isa = PBXFileReference; fileEncoding = 4; lastKnownFileType = sourcecode.swift; path = HealthDataStep.swift; sourceTree = "<group>"; };
		C20764691C76449500956A3D /* HealthDataStepViewController.swift */ = {isa = PBXFileReference; fileEncoding = 4; lastKnownFileType = sourcecode.swift; path = HealthDataStepViewController.swift; sourceTree = "<group>"; };
		C207646C1C76450800956A3D /* ConsentDocument.swift */ = {isa = PBXFileReference; fileEncoding = 4; lastKnownFileType = sourcecode.swift; path = ConsentDocument.swift; sourceTree = "<group>"; };
		C207646E1C76451F00956A3D /* HealthClientType.swift */ = {isa = PBXFileReference; fileEncoding = 4; lastKnownFileType = sourcecode.swift; path = HealthClientType.swift; sourceTree = "<group>"; };
		C20764701C76452900956A3D /* AnimatableChart.swift */ = {isa = PBXFileReference; fileEncoding = 4; lastKnownFileType = sourcecode.swift; path = AnimatableChart.swift; sourceTree = "<group>"; };
		C20764721C76454700956A3D /* HKHealthStore+Queries.swift */ = {isa = PBXFileReference; fileEncoding = 4; lastKnownFileType = sourcecode.swift; path = "HKHealthStore+Queries.swift"; sourceTree = "<group>"; };
		C20865751C860F69000F90C8 /* Main.storyboard */ = {isa = PBXFileReference; fileEncoding = 4; lastKnownFileType = file.storyboard; path = Main.storyboard; sourceTree = "<group>"; };
		C20D450A1C87653D002290AA /* ResetPasswordController.swift */ = {isa = PBXFileReference; fileEncoding = 4; lastKnownFileType = sourcecode.swift; name = ResetPasswordController.swift; path = ../ResetPasswordController.swift; sourceTree = "<group>"; };
		C20F9CE11C7B61A10045AA48 /* motion-Bridging-Header.h */ = {isa = PBXFileReference; lastKnownFileType = sourcecode.c.h; path = "motion-Bridging-Header.h"; sourceTree = "<group>"; };
		C20F9CF31C7B88CB0045AA48 /* FeedbackViewController.swift */ = {isa = PBXFileReference; fileEncoding = 4; lastKnownFileType = sourcecode.swift; path = FeedbackViewController.swift; sourceTree = "<group>"; };
		C210B4861C9C800400EB2522 /* CASActivityViewController.swift */ = {isa = PBXFileReference; fileEncoding = 4; lastKnownFileType = sourcecode.swift; path = CASActivityViewController.swift; sourceTree = "<group>"; };
		C21728391C794597008D2BC3 /* motion.entitlements */ = {isa = PBXFileReference; lastKnownFileType = text.xml; path = motion.entitlements; sourceTree = "<group>"; };
		C217283A1C794597008D2BC3 /* HealthKit.framework */ = {isa = PBXFileReference; lastKnownFileType = wrapper.framework; name = HealthKit.framework; path = System/Library/Frameworks/HealthKit.framework; sourceTree = SDKROOT; };
		C21B5D741CA05805005020C0 /* CASMorningSurveyViewController.swift */ = {isa = PBXFileReference; fileEncoding = 4; lastKnownFileType = sourcecode.swift; path = CASMorningSurveyViewController.swift; sourceTree = "<group>"; };
		C2387EF61CA996B300CC7BD1 /* CASConstants.swift */ = {isa = PBXFileReference; fileEncoding = 4; lastKnownFileType = sourcecode.swift; path = CASConstants.swift; sourceTree = "<group>"; };
		C24D649B1CB802D400EDC11B /* ResearchKit.xcodeproj */ = {isa = PBXFileReference; lastKnownFileType = "wrapper.pb-project"; name = ResearchKit.xcodeproj; path = ../ResearchKit/ResearchKit.xcodeproj; sourceTree = "<group>"; };
		C25041AA1C8CA94B00DC78FB /* CoreData.framework */ = {isa = PBXFileReference; lastKnownFileType = wrapper.framework; name = CoreData.framework; path = System/Library/Frameworks/CoreData.framework; sourceTree = SDKROOT; };
		C26C5A0C1C8B5FDB009FECB3 /* IneligibleStep.swift */ = {isa = PBXFileReference; fileEncoding = 4; lastKnownFileType = sourcecode.swift; path = IneligibleStep.swift; sourceTree = "<group>"; };
		C26C5A0E1C8B604B009FECB3 /* IneligibleViewController.swift */ = {isa = PBXFileReference; fileEncoding = 4; lastKnownFileType = sourcecode.swift; path = IneligibleViewController.swift; sourceTree = "<group>"; };
		C26E478B1C25B8E500D6EA47 /* motion.app */ = {isa = PBXFileReference; explicitFileType = wrapper.application; includeInIndex = 0; path = motion.app; sourceTree = BUILT_PRODUCTS_DIR; };
		C26E478E1C25B8E500D6EA47 /* AppDelegate.swift */ = {isa = PBXFileReference; lastKnownFileType = sourcecode.swift; path = AppDelegate.swift; sourceTree = "<group>"; };
		C26E47951C25B8E500D6EA47 /* Assets.xcassets */ = {isa = PBXFileReference; lastKnownFileType = folder.assetcatalog; path = Assets.xcassets; sourceTree = "<group>"; };
		C26E479A1C25B8E500D6EA47 /* Info.plist */ = {isa = PBXFileReference; lastKnownFileType = text.plist.xml; path = Info.plist; sourceTree = "<group>"; };
		C26E479F1C25B8E500D6EA47 /* motionTests.xctest */ = {isa = PBXFileReference; explicitFileType = wrapper.cfbundle; includeInIndex = 0; path = motionTests.xctest; sourceTree = BUILT_PRODUCTS_DIR; };
		C26E47A31C25B8E500D6EA47 /* motionTests.swift */ = {isa = PBXFileReference; lastKnownFileType = sourcecode.swift; path = motionTests.swift; sourceTree = "<group>"; };
		C26E47A51C25B8E500D6EA47 /* Info.plist */ = {isa = PBXFileReference; lastKnownFileType = text.plist.xml; path = Info.plist; sourceTree = "<group>"; };
		C26E47AA1C25B8E500D6EA47 /* motionUITests.xctest */ = {isa = PBXFileReference; explicitFileType = wrapper.cfbundle; includeInIndex = 0; path = motionUITests.xctest; sourceTree = BUILT_PRODUCTS_DIR; };
		C26E48181C25DB3A00D6EA47 /* LaunchScreen.xib */ = {isa = PBXFileReference; fileEncoding = 4; lastKnownFileType = file.xib; path = LaunchScreen.xib; sourceTree = "<group>"; };
		C27384901CBEB5FF004A743C /* Participants.swift */ = {isa = PBXFileReference; fileEncoding = 4; lastKnownFileType = sourcecode.swift; path = Participants.swift; sourceTree = "<group>"; };
		C2BD5FD91CBE9198002EDAD0 /* Realm.framework */ = {isa = PBXFileReference; lastKnownFileType = wrapper.framework; path = Realm.framework; sourceTree = "<group>"; };
		C2BD5FDD1CBE91A0002EDAD0 /* RealmSwift.framework */ = {isa = PBXFileReference; lastKnownFileType = wrapper.framework; path = RealmSwift.framework; sourceTree = "<group>"; };
		C2FDBFE31CBC10CB0000DD73 /* MorningTaskViewController.swift */ = {isa = PBXFileReference; fileEncoding = 4; lastKnownFileType = sourcecode.swift; name = MorningTaskViewController.swift; path = ../MorningTaskViewController.swift; sourceTree = "<group>"; };
		C2FDBFE51CBC13880000DD73 /* EventTaskViewController.swift */ = {isa = PBXFileReference; fileEncoding = 4; lastKnownFileType = sourcecode.swift; path = EventTaskViewController.swift; sourceTree = "<group>"; };
/* End PBXFileReference section */

/* Begin PBXFrameworksBuildPhase section */
		C26E47881C25B8E500D6EA47 /* Frameworks */ = {
			isa = PBXFrameworksBuildPhase;
			buildActionMask = 2147483647;
			files = (
				C2BD5FE11CBE91C7002EDAD0 /* Realm.framework in Frameworks */,
				C2BD5FDA1CBE9198002EDAD0 /* Realm.framework in Frameworks */,
				C2BD5FDF1CBE91C7002EDAD0 /* RealmSwift.framework in Frameworks */,
				C25041AB1C8CA94B00DC78FB /* CoreData.framework in Frameworks */,
				C2BD5FDE1CBE91A0002EDAD0 /* RealmSwift.framework in Frameworks */,
				C217283B1C794597008D2BC3 /* HealthKit.framework in Frameworks */,
			);
			runOnlyForDeploymentPostprocessing = 0;
		};
		C26E479C1C25B8E500D6EA47 /* Frameworks */ = {
			isa = PBXFrameworksBuildPhase;
			buildActionMask = 2147483647;
			files = (
			);
			runOnlyForDeploymentPostprocessing = 0;
		};
		C26E47A71C25B8E500D6EA47 /* Frameworks */ = {
			isa = PBXFrameworksBuildPhase;
			buildActionMask = 2147483647;
			files = (
			);
			runOnlyForDeploymentPostprocessing = 0;
		};
/* End PBXFrameworksBuildPhase section */

/* Begin PBXGroup section */
		C207644E1C76427400956A3D /* Dashboard */ = {
			isa = PBXGroup;
			children = (
				C207644F1C7642A000956A3D /* DashboardTableViewController.swift */,
				C20764511C7642FC00956A3D /* PieChartDataSource.swift */,
				C20764531C76431100956A3D /* DiscreteGraphDataSource.swift */,
				C20764551C76431900956A3D /* LineGraphDataSource.swift */,
			);
			name = Dashboard;
			sourceTree = "<group>";
		};
		C20764571C76438E00956A3D /* Activities */ = {
			isa = PBXGroup;
			children = (
				C20764581C7643AF00956A3D /* ActivityViewController.swift */,
				C210B4861C9C800400EB2522 /* CASActivityViewController.swift */,
				C27384901CBEB5FF004A743C /* Participants.swift */,
				C2FDBFE31CBC10CB0000DD73 /* MorningTaskViewController.swift */,
				C2FDBFE51CBC13880000DD73 /* EventTaskViewController.swift */,
				C21B5D741CA05805005020C0 /* CASMorningSurveyViewController.swift */,
			);
			name = Activities;
			sourceTree = "<group>";
		};
		C207645C1C7643CA00956A3D /* Profile */ = {
			isa = PBXGroup;
			children = (
				C207645D1C7643E700956A3D /* ProfileHeaderView.swift */,
				C207645E1C7643E700956A3D /* ProfileStaticTableViewCell.swift */,
				C207645F1C7643E700956A3D /* ProfileViewController.swift */,
			);
			name = Profile;
			sourceTree = "<group>";
		};
		C20764631C7643FF00956A3D /* Withdrawal */ = {
			isa = PBXGroup;
			children = (
				C20764641C76441A00956A3D /* WithdrawViewController.swift */,
			);
			name = Withdrawal;
			sourceTree = "<group>";
		};
		C20764661C76444300956A3D /* Steps */ = {
			isa = PBXGroup;
			children = (
				C20764681C76449500956A3D /* HealthDataStep.swift */,
				C20764691C76449500956A3D /* HealthDataStepViewController.swift */,
				C207646C1C76450800956A3D /* ConsentDocument.swift */,
			);
			name = Steps;
			sourceTree = "<group>";
		};
		C20764671C76445D00956A3D /* Protocols */ = {
			isa = PBXGroup;
			children = (
				C20764701C76452900956A3D /* AnimatableChart.swift */,
				C207646E1C76451F00956A3D /* HealthClientType.swift */,
			);
			name = Protocols;
			sourceTree = "<group>";
		};
		C20F9CF21C7B85B60045AA48 /* Feedback */ = {
			isa = PBXGroup;
			children = (
				C20F9CF31C7B88CB0045AA48 /* FeedbackViewController.swift */,
			);
			name = Feedback;
			sourceTree = "<group>";
		};
		C24D64A51CB802D600EDC11B /* Products */ = {
			isa = PBXGroup;
			children = (
				C24D64AB1CB802D600EDC11B /* ResearchKit.framework */,
				C24D64AD1CB802D600EDC11B /* ResearchKitTests.xctest */,
			);
			name = Products;
			sourceTree = "<group>";
		};
		C26E47821C25B8E500D6EA47 = {
			isa = PBXGroup;
			children = (
				C26E478D1C25B8E500D6EA47 /* motion */,
				C2FF1E821C6BAC3800D61DCC /* Frameworks */,
				C26E47A21C25B8E500D6EA47 /* motionTests */,
				C26E478C1C25B8E500D6EA47 /* Products */,
			);
			sourceTree = "<group>";
		};
		C26E478C1C25B8E500D6EA47 /* Products */ = {
			isa = PBXGroup;
			children = (
				C26E478B1C25B8E500D6EA47 /* motion.app */,
				C26E479F1C25B8E500D6EA47 /* motionTests.xctest */,
				C26E47AA1C25B8E500D6EA47 /* motionUITests.xctest */,
			);
			name = Products;
			sourceTree = "<group>";
		};
		C26E478D1C25B8E500D6EA47 /* motion */ = {
			isa = PBXGroup;
			children = (
				C21728391C794597008D2BC3 /* motion.entitlements */,
				C282ADBE1C46CFDA004DC6AE /* Startup */,
				C282ADC11C46CFEE004DC6AE /* Onboarding */,
				C207644E1C76427400956A3D /* Dashboard */,
				C20764571C76438E00956A3D /* Activities */,
				C207645C1C7643CA00956A3D /* Profile */,
				C20F9CF21C7B85B60045AA48 /* Feedback */,
				C20764631C7643FF00956A3D /* Withdrawal */,
				C20764661C76444300956A3D /* Steps */,
				C20764671C76445D00956A3D /* Protocols */,
				C20764721C76454700956A3D /* HKHealthStore+Queries.swift */,
				C207645A1C7643BB00956A3D /* StudyTasks.swift */,
				C2387EF61CA996B300CC7BD1 /* CASConstants.swift */,
				C20865751C860F69000F90C8 /* Main.storyboard */,
				C26E47951C25B8E500D6EA47 /* Assets.xcassets */,
				C26E479A1C25B8E500D6EA47 /* Info.plist */,
				C205B6DC1C908E4400230930 /* tap.aif */,
			);
			path = motion;
			sourceTree = "<group>";
		};
		C26E47A21C25B8E500D6EA47 /* motionTests */ = {
			isa = PBXGroup;
			children = (
				C26E47A31C25B8E500D6EA47 /* motionTests.swift */,
				C26E47A51C25B8E500D6EA47 /* Info.plist */,
			);
			path = motionTests;
			sourceTree = "<group>";
		};
		C282ADBE1C46CFDA004DC6AE /* Startup */ = {
			isa = PBXGroup;
			children = (
				C26E48181C25DB3A00D6EA47 /* LaunchScreen.xib */,
				C26E478E1C25B8E500D6EA47 /* AppDelegate.swift */,
				C20764421C76404500956A3D /* ResearchContainerViewController.swift */,
				C20764461C76412600956A3D /* ResearchContrainerSegue.swift */,
			);
			name = Startup;
			sourceTree = "<group>";
		};
		C282ADC11C46CFEE004DC6AE /* Onboarding */ = {
			isa = PBXGroup;
			children = (
				C26C5A0E1C8B604B009FECB3 /* IneligibleViewController.swift */,
				C20D450A1C87653D002290AA /* ResetPasswordController.swift */,
				C207644A1C76422200956A3D /* OnboardingViewController.swift */,
				C2021A6E1CA19DB500292F86 /* BaselineSurveyViewController.swift */,
				C26C5A0C1C8B5FDB009FECB3 /* IneligibleStep.swift */,
				C207644C1C76424D00956A3D /* IntroductionViewController.swift */,
				C20F9CE11C7B61A10045AA48 /* motion-Bridging-Header.h */,
			);
			name = Onboarding;
			sourceTree = "<group>";
		};
		C2FF1E821C6BAC3800D61DCC /* Frameworks */ = {
			isa = PBXGroup;
			children = (
				C2BD5FDD1CBE91A0002EDAD0 /* RealmSwift.framework */,
				C2BD5FD91CBE9198002EDAD0 /* Realm.framework */,
				C24D649B1CB802D400EDC11B /* ResearchKit.xcodeproj */,
				C25041AA1C8CA94B00DC78FB /* CoreData.framework */,
				C217283A1C794597008D2BC3 /* HealthKit.framework */,
			);
			name = Frameworks;
			sourceTree = "<group>";
		};
/* End PBXGroup section */

/* Begin PBXNativeTarget section */
		C26E478A1C25B8E500D6EA47 /* motion */ = {
			isa = PBXNativeTarget;
			buildConfigurationList = C26E47B31C25B8E500D6EA47 /* Build configuration list for PBXNativeTarget "motion" */;
			buildPhases = (
				C26E47871C25B8E500D6EA47 /* Sources */,
				C26E47881C25B8E500D6EA47 /* Frameworks */,
				C26E47891C25B8E500D6EA47 /* Resources */,
				C207647A1C7649D100956A3D /* Embed Frameworks */,
				C2BD5FE31CBE92FA002EDAD0 /* ShellScript */,
			);
			buildRules = (
			);
			dependencies = (
				C2D9834E1CB82491003C8B22 /* PBXTargetDependency */,
			);
			name = motion;
			productName = motion;
			productReference = C26E478B1C25B8E500D6EA47 /* motion.app */;
			productType = "com.apple.product-type.application";
		};
		C26E479E1C25B8E500D6EA47 /* motionTests */ = {
			isa = PBXNativeTarget;
			buildConfigurationList = C26E47B61C25B8E500D6EA47 /* Build configuration list for PBXNativeTarget "motionTests" */;
			buildPhases = (
				C26E479B1C25B8E500D6EA47 /* Sources */,
				C26E479C1C25B8E500D6EA47 /* Frameworks */,
				C26E479D1C25B8E500D6EA47 /* Resources */,
			);
			buildRules = (
			);
			dependencies = (
				C26E47A11C25B8E500D6EA47 /* PBXTargetDependency */,
			);
			name = motionTests;
			productName = motionTests;
			productReference = C26E479F1C25B8E500D6EA47 /* motionTests.xctest */;
			productType = "com.apple.product-type.bundle.unit-test";
		};
		C26E47A91C25B8E500D6EA47 /* motionUITests */ = {
			isa = PBXNativeTarget;
			buildConfigurationList = C26E47B91C25B8E500D6EA47 /* Build configuration list for PBXNativeTarget "motionUITests" */;
			buildPhases = (
				C26E47A61C25B8E500D6EA47 /* Sources */,
				C26E47A71C25B8E500D6EA47 /* Frameworks */,
				C26E47A81C25B8E500D6EA47 /* Resources */,
			);
			buildRules = (
			);
			dependencies = (
				C26E47AC1C25B8E500D6EA47 /* PBXTargetDependency */,
			);
			name = motionUITests;
			productName = motionUITests;
			productReference = C26E47AA1C25B8E500D6EA47 /* motionUITests.xctest */;
			productType = "com.apple.product-type.bundle.ui-testing";
		};
/* End PBXNativeTarget section */

/* Begin PBXProject section */
		C26E47831C25B8E500D6EA47 /* Project object */ = {
			isa = PBXProject;
			attributes = {
				LastSwiftUpdateCheck = 0720;
				LastUpgradeCheck = 0710;
				ORGANIZATIONNAME = CASPIR;
				TargetAttributes = {
					C26E478A1C25B8E500D6EA47 = {
						CreatedOnToolsVersion = 7.1.1;
						DevelopmentTeam = 9S9NV3FH9Y;
						SystemCapabilities = {
							com.apple.HealthKit = {
								enabled = 1;
							};
							com.apple.HomeKit = {
								enabled = 0;
							};
						};
					};
					C26E479E1C25B8E500D6EA47 = {
						CreatedOnToolsVersion = 7.1.1;
						DevelopmentTeam = 9S9NV3FH9Y;
						TestTargetID = C26E478A1C25B8E500D6EA47;
					};
					C26E47A91C25B8E500D6EA47 = {
						CreatedOnToolsVersion = 7.1.1;
						DevelopmentTeam = 9S9NV3FH9Y;
						TestTargetID = C26E478A1C25B8E500D6EA47;
					};
				};
			};
			buildConfigurationList = C26E47861C25B8E500D6EA47 /* Build configuration list for PBXProject "motion" */;
			compatibilityVersion = "Xcode 3.2";
			developmentRegion = English;
			hasScannedForEncodings = 0;
			knownRegions = (
				en,
				Base,
			);
			mainGroup = C26E47821C25B8E500D6EA47;
			productRefGroup = C26E478C1C25B8E500D6EA47 /* Products */;
			projectDirPath = "";
			projectReferences = (
				{
					ProductGroup = C24D64A51CB802D600EDC11B /* Products */;
					ProjectRef = C24D649B1CB802D400EDC11B /* ResearchKit.xcodeproj */;
				},
			);
			projectRoot = "";
			targets = (
				C26E478A1C25B8E500D6EA47 /* motion */,
				C26E479E1C25B8E500D6EA47 /* motionTests */,
				C26E47A91C25B8E500D6EA47 /* motionUITests */,
			);
		};
/* End PBXProject section */

/* Begin PBXReferenceProxy section */
		C24D64AB1CB802D600EDC11B /* ResearchKit.framework */ = {
			isa = PBXReferenceProxy;
			fileType = wrapper.framework;
			path = ResearchKit.framework;
			remoteRef = C24D64AA1CB802D600EDC11B /* PBXContainerItemProxy */;
			sourceTree = BUILT_PRODUCTS_DIR;
		};
		C24D64AD1CB802D600EDC11B /* ResearchKitTests.xctest */ = {
			isa = PBXReferenceProxy;
			fileType = wrapper.cfbundle;
			path = ResearchKitTests.xctest;
			remoteRef = C24D64AC1CB802D600EDC11B /* PBXContainerItemProxy */;
			sourceTree = BUILT_PRODUCTS_DIR;
		};
/* End PBXReferenceProxy section */

/* Begin PBXResourcesBuildPhase section */
		C26E47891C25B8E500D6EA47 /* Resources */ = {
			isa = PBXResourcesBuildPhase;
			buildActionMask = 2147483647;
			files = (
				C20865761C860F69000F90C8 /* Main.storyboard in Resources */,
				C26E47961C25B8E500D6EA47 /* Assets.xcassets in Resources */,
				C26E48191C25DB3A00D6EA47 /* LaunchScreen.xib in Resources */,
			);
			runOnlyForDeploymentPostprocessing = 0;
		};
		C26E479D1C25B8E500D6EA47 /* Resources */ = {
			isa = PBXResourcesBuildPhase;
			buildActionMask = 2147483647;
			files = (
			);
			runOnlyForDeploymentPostprocessing = 0;
		};
		C26E47A81C25B8E500D6EA47 /* Resources */ = {
			isa = PBXResourcesBuildPhase;
			buildActionMask = 2147483647;
			files = (
			);
			runOnlyForDeploymentPostprocessing = 0;
		};
/* End PBXResourcesBuildPhase section */

/* Begin PBXShellScriptBuildPhase section */
		C2BD5FE31CBE92FA002EDAD0 /* ShellScript */ = {
			isa = PBXShellScriptBuildPhase;
			buildActionMask = 2147483647;
			files = (
			);
			inputPaths = (
			);
			outputPaths = (
			);
			runOnlyForDeploymentPostprocessing = 0;
			shellPath = /bin/sh;
			shellScript = "bash \"${BUILT_PRODUCTS_DIR}/${FRAMEWORKS_FOLDER_PATH}/Realm.framework/strip-frameworks.sh\"";
		};
/* End PBXShellScriptBuildPhase section */

/* Begin PBXSourcesBuildPhase section */
		C26E47871C25B8E500D6EA47 /* Sources */ = {
			isa = PBXSourcesBuildPhase;
			buildActionMask = 2147483647;
			files = (
				C207644B1C76422200956A3D /* OnboardingViewController.swift in Sources */,
				C207645B1C7643BB00956A3D /* StudyTasks.swift in Sources */,
				C20D450B1C87653D002290AA /* ResetPasswordController.swift in Sources */,
				C20764601C7643E700956A3D /* ProfileHeaderView.swift in Sources */,
				C20764541C76431100956A3D /* DiscreteGraphDataSource.swift in Sources */,
				C20764611C7643E700956A3D /* ProfileStaticTableViewCell.swift in Sources */,
				C20764731C76454700956A3D /* HKHealthStore+Queries.swift in Sources */,
				C20764431C76404500956A3D /* ResearchContainerViewController.swift in Sources */,
				C20F9CEE1C7B75C00045AA48 /* AppDelegate.swift in Sources */,
				C21B5D751CA05805005020C0 /* CASMorningSurveyViewController.swift in Sources */,
				C207646F1C76451F00956A3D /* HealthClientType.swift in Sources */,
				C2FDBFE61CBC13880000DD73 /* EventTaskViewController.swift in Sources */,
				C26C5A0D1C8B5FDB009FECB3 /* IneligibleStep.swift in Sources */,
				C207646D1C76450800956A3D /* ConsentDocument.swift in Sources */,
				C20764561C76431900956A3D /* LineGraphDataSource.swift in Sources */,
				C210B4871C9C800500EB2522 /* CASActivityViewController.swift in Sources */,
				C207644D1C76424D00956A3D /* IntroductionViewController.swift in Sources */,
				C20764711C76452900956A3D /* AnimatableChart.swift in Sources */,
				C20764621C7643E700956A3D /* ProfileViewController.swift in Sources */,
				C20764651C76441A00956A3D /* WithdrawViewController.swift in Sources */,
				C20764501C7642A000956A3D /* DashboardTableViewController.swift in Sources */,
				C207646A1C76449500956A3D /* HealthDataStep.swift in Sources */,
				C20F9CF41C7B88CB0045AA48 /* FeedbackViewController.swift in Sources */,
				C26C5A0F1C8B604B009FECB3 /* IneligibleViewController.swift in Sources */,
				C207646B1C76449500956A3D /* HealthDataStepViewController.swift in Sources */,
				C2387EF71CA996B300CC7BD1 /* CASConstants.swift in Sources */,
				C2021A6F1CA19DB500292F86 /* BaselineSurveyViewController.swift in Sources */,
				C2FDBFE41CBC10CB0000DD73 /* MorningTaskViewController.swift in Sources */,
				C20764591C7643AF00956A3D /* ActivityViewController.swift in Sources */,
				C20764521C7642FC00956A3D /* PieChartDataSource.swift in Sources */,
				C20764471C76412600956A3D /* ResearchContrainerSegue.swift in Sources */,
				C27384911CBEB5FF004A743C /* Participants.swift in Sources */,
			);
			runOnlyForDeploymentPostprocessing = 0;
		};
		C26E479B1C25B8E500D6EA47 /* Sources */ = {
			isa = PBXSourcesBuildPhase;
			buildActionMask = 2147483647;
			files = (
				C26E47A41C25B8E500D6EA47 /* motionTests.swift in Sources */,
			);
			runOnlyForDeploymentPostprocessing = 0;
		};
		C26E47A61C25B8E500D6EA47 /* Sources */ = {
			isa = PBXSourcesBuildPhase;
			buildActionMask = 2147483647;
			files = (
			);
			runOnlyForDeploymentPostprocessing = 0;
		};
/* End PBXSourcesBuildPhase section */

/* Begin PBXTargetDependency section */
		C26E47A11C25B8E500D6EA47 /* PBXTargetDependency */ = {
			isa = PBXTargetDependency;
			target = C26E478A1C25B8E500D6EA47 /* motion */;
			targetProxy = C26E47A01C25B8E500D6EA47 /* PBXContainerItemProxy */;
		};
		C26E47AC1C25B8E500D6EA47 /* PBXTargetDependency */ = {
			isa = PBXTargetDependency;
			target = C26E478A1C25B8E500D6EA47 /* motion */;
			targetProxy = C26E47AB1C25B8E500D6EA47 /* PBXContainerItemProxy */;
		};
		C2D9834E1CB82491003C8B22 /* PBXTargetDependency */ = {
			isa = PBXTargetDependency;
			name = ResearchKit;
			targetProxy = C2D9834D1CB82491003C8B22 /* PBXContainerItemProxy */;
		};
/* End PBXTargetDependency section */

/* Begin XCBuildConfiguration section */
		C26E47B11C25B8E500D6EA47 /* Debug */ = {
			isa = XCBuildConfiguration;
			buildSettings = {
				ALWAYS_SEARCH_USER_PATHS = NO;
				CLANG_ALLOW_NON_MODULAR_INCLUDES_IN_FRAMEWORK_MODULES = YES;
				CLANG_CXX_LANGUAGE_STANDARD = "gnu++0x";
				CLANG_CXX_LIBRARY = "libc++";
				CLANG_ENABLE_MODULES = YES;
				CLANG_ENABLE_OBJC_ARC = YES;
				CLANG_WARN_BOOL_CONVERSION = YES;
				CLANG_WARN_CONSTANT_CONVERSION = YES;
				CLANG_WARN_DIRECT_OBJC_ISA_USAGE = YES_ERROR;
				CLANG_WARN_EMPTY_BODY = YES;
				CLANG_WARN_ENUM_CONVERSION = YES;
				CLANG_WARN_INT_CONVERSION = YES;
				CLANG_WARN_OBJC_ROOT_CLASS = YES_ERROR;
				CLANG_WARN_UNREACHABLE_CODE = YES;
				CLANG_WARN__DUPLICATE_METHOD_MATCH = YES;
				"CODE_SIGN_IDENTITY[sdk=iphoneos*]" = "iPhone Developer";
				COPY_PHASE_STRIP = NO;
				DEBUG_INFORMATION_FORMAT = dwarf;
				DEFINES_MODULE = YES;
				ENABLE_STRICT_OBJC_MSGSEND = YES;
				ENABLE_TESTABILITY = YES;
				"FRAMEWORK_SEARCH_PATHS[arch=*]" = "";
				GCC_C_LANGUAGE_STANDARD = gnu99;
				GCC_DYNAMIC_NO_PIC = NO;
				GCC_NO_COMMON_BLOCKS = YES;
				GCC_OPTIMIZATION_LEVEL = 0;
				GCC_PREPROCESSOR_DEFINITIONS = (
					"DEBUG=1",
					"$(inherited)",
				);
				GCC_WARN_64_TO_32_BIT_CONVERSION = YES;
				GCC_WARN_ABOUT_RETURN_TYPE = YES_ERROR;
				GCC_WARN_UNDECLARED_SELECTOR = YES;
				GCC_WARN_UNINITIALIZED_AUTOS = YES_AGGRESSIVE;
				GCC_WARN_UNUSED_FUNCTION = YES;
				GCC_WARN_UNUSED_VARIABLE = YES;
				IPHONEOS_DEPLOYMENT_TARGET = 9.1;
				MTL_ENABLE_DEBUG_INFO = YES;
				ONLY_ACTIVE_ARCH = YES;
				SDKROOT = iphoneos;
				SWIFT_OPTIMIZATION_LEVEL = "-Onone";
				TARGETED_DEVICE_FAMILY = "1,2";
			};
			name = Debug;
		};
		C26E47B21C25B8E500D6EA47 /* Release */ = {
			isa = XCBuildConfiguration;
			buildSettings = {
				ALWAYS_SEARCH_USER_PATHS = NO;
				CLANG_ALLOW_NON_MODULAR_INCLUDES_IN_FRAMEWORK_MODULES = YES;
				CLANG_CXX_LANGUAGE_STANDARD = "gnu++0x";
				CLANG_CXX_LIBRARY = "libc++";
				CLANG_ENABLE_MODULES = YES;
				CLANG_ENABLE_OBJC_ARC = YES;
				CLANG_WARN_BOOL_CONVERSION = YES;
				CLANG_WARN_CONSTANT_CONVERSION = YES;
				CLANG_WARN_DIRECT_OBJC_ISA_USAGE = YES_ERROR;
				CLANG_WARN_EMPTY_BODY = YES;
				CLANG_WARN_ENUM_CONVERSION = YES;
				CLANG_WARN_INT_CONVERSION = YES;
				CLANG_WARN_OBJC_ROOT_CLASS = YES_ERROR;
				CLANG_WARN_UNREACHABLE_CODE = YES;
				CLANG_WARN__DUPLICATE_METHOD_MATCH = YES;
				"CODE_SIGN_IDENTITY[sdk=iphoneos*]" = "iPhone Developer";
				COPY_PHASE_STRIP = NO;
				DEBUG_INFORMATION_FORMAT = "dwarf-with-dsym";
				DEFINES_MODULE = YES;
				ENABLE_NS_ASSERTIONS = NO;
				ENABLE_STRICT_OBJC_MSGSEND = YES;
				GCC_C_LANGUAGE_STANDARD = gnu99;
				GCC_NO_COMMON_BLOCKS = YES;
				GCC_WARN_64_TO_32_BIT_CONVERSION = YES;
				GCC_WARN_ABOUT_RETURN_TYPE = YES_ERROR;
				GCC_WARN_UNDECLARED_SELECTOR = YES;
				GCC_WARN_UNINITIALIZED_AUTOS = YES_AGGRESSIVE;
				GCC_WARN_UNUSED_FUNCTION = YES;
				GCC_WARN_UNUSED_VARIABLE = YES;
				IPHONEOS_DEPLOYMENT_TARGET = 9.1;
				MTL_ENABLE_DEBUG_INFO = NO;
				SDKROOT = iphoneos;
				TARGETED_DEVICE_FAMILY = "1,2";
				VALIDATE_PRODUCT = YES;
			};
			name = Release;
		};
		C26E47B41C25B8E500D6EA47 /* Debug */ = {
			isa = XCBuildConfiguration;
			buildSettings = {
				ASSETCATALOG_COMPILER_APPICON_NAME = AppIcon;
				CLANG_ALLOW_NON_MODULAR_INCLUDES_IN_FRAMEWORK_MODULES = NO;
				CLANG_ENABLE_MODULES = YES;
				CODE_SIGN_ENTITLEMENTS = motion/motion.entitlements;
				CODE_SIGN_IDENTITY = "iPhone Developer";
				"CODE_SIGN_IDENTITY[sdk=iphoneos*]" = "iPhone Developer";
				DEFINES_MODULE = YES;
				EMBEDDED_CONTENT_CONTAINS_SWIFT = YES;
				FRAMEWORK_SEARCH_PATHS = "$(PROJECT_DIR)";
				INFOPLIST_FILE = motion/Info.plist;
				LD_RUNPATH_SEARCH_PATHS = "$(inherited) @executable_path/Frameworks";
				"OTHER_CFLAGS[arch=*]" = "";
				PRODUCT_BUNDLE_IDENTIFIER = caspir.researchKitApp;
				PRODUCT_NAME = "$(TARGET_NAME)";
				PROVISIONING_PROFILE = "";
				SWIFT_OBJC_BRIDGING_HEADER = "motion/motion-Bridging-Header.h";
				SWIFT_OPTIMIZATION_LEVEL = "-Onone";
			};
			name = Debug;
		};
		C26E47B51C25B8E500D6EA47 /* Release */ = {
			isa = XCBuildConfiguration;
			buildSettings = {
				ASSETCATALOG_COMPILER_APPICON_NAME = AppIcon;
				CLANG_ALLOW_NON_MODULAR_INCLUDES_IN_FRAMEWORK_MODULES = NO;
				CLANG_ENABLE_MODULES = YES;
				CODE_SIGN_ENTITLEMENTS = motion/motion.entitlements;
				CODE_SIGN_IDENTITY = "iPhone Developer";
				"CODE_SIGN_IDENTITY[sdk=iphoneos*]" = "iPhone Developer";
				DEFINES_MODULE = YES;
				EMBEDDED_CONTENT_CONTAINS_SWIFT = YES;
				FRAMEWORK_SEARCH_PATHS = "$(PROJECT_DIR)";
				INFOPLIST_FILE = motion/Info.plist;
				LD_RUNPATH_SEARCH_PATHS = "$(inherited) @executable_path/Frameworks";
				PRODUCT_BUNDLE_IDENTIFIER = caspir.researchKitApp;
				PRODUCT_NAME = "$(TARGET_NAME)";
				PROVISIONING_PROFILE = "";
				SWIFT_OBJC_BRIDGING_HEADER = "motion/motion-Bridging-Header.h";
			};
			name = Release;
		};
		C26E47B71C25B8E500D6EA47 /* Debug */ = {
			isa = XCBuildConfiguration;
			buildSettings = {
				BUNDLE_LOADER = "$(TEST_HOST)";
				INFOPLIST_FILE = motionTests/Info.plist;
				LD_RUNPATH_SEARCH_PATHS = "$(inherited) @executable_path/Frameworks @loader_path/Frameworks";
				PRODUCT_BUNDLE_IDENTIFIER = caspir.motionTests;
				PRODUCT_NAME = "$(TARGET_NAME)";
				TEST_HOST = "$(BUILT_PRODUCTS_DIR)/motion.app/motion";
			};
			name = Debug;
		};
		C26E47B81C25B8E500D6EA47 /* Release */ = {
			isa = XCBuildConfiguration;
			buildSettings = {
				BUNDLE_LOADER = "$(TEST_HOST)";
				INFOPLIST_FILE = motionTests/Info.plist;
				LD_RUNPATH_SEARCH_PATHS = "$(inherited) @executable_path/Frameworks @loader_path/Frameworks";
				PRODUCT_BUNDLE_IDENTIFIER = caspir.motionTests;
				PRODUCT_NAME = "$(TARGET_NAME)";
				TEST_HOST = "$(BUILT_PRODUCTS_DIR)/motion.app/motion";
			};
			name = Release;
		};
		C26E47BA1C25B8E500D6EA47 /* Debug */ = {
			isa = XCBuildConfiguration;
			buildSettings = {
				INFOPLIST_FILE = motionUITests/Info.plist;
				LD_RUNPATH_SEARCH_PATHS = "$(inherited) @executable_path/Frameworks @loader_path/Frameworks";
				PRODUCT_BUNDLE_IDENTIFIER = caspir.motionUITests;
				PRODUCT_NAME = "$(TARGET_NAME)";
				TEST_TARGET_NAME = motion;
				USES_XCTRUNNER = YES;
			};
			name = Debug;
		};
		C26E47BB1C25B8E500D6EA47 /* Release */ = {
			isa = XCBuildConfiguration;
			buildSettings = {
				INFOPLIST_FILE = motionUITests/Info.plist;
				LD_RUNPATH_SEARCH_PATHS = "$(inherited) @executable_path/Frameworks @loader_path/Frameworks";
				PRODUCT_BUNDLE_IDENTIFIER = caspir.motionUITests;
				PRODUCT_NAME = "$(TARGET_NAME)";
				TEST_TARGET_NAME = motion;
				USES_XCTRUNNER = YES;
			};
			name = Release;
		};
/* End XCBuildConfiguration section */

/* Begin XCConfigurationList section */
		C26E47861C25B8E500D6EA47 /* Build configuration list for PBXProject "motion" */ = {
			isa = XCConfigurationList;
			buildConfigurations = (
				C26E47B11C25B8E500D6EA47 /* Debug */,
				C26E47B21C25B8E500D6EA47 /* Release */,
			);
			defaultConfigurationIsVisible = 0;
			defaultConfigurationName = Release;
		};
		C26E47B31C25B8E500D6EA47 /* Build configuration list for PBXNativeTarget "motion" */ = {
			isa = XCConfigurationList;
			buildConfigurations = (
				C26E47B41C25B8E500D6EA47 /* Debug */,
				C26E47B51C25B8E500D6EA47 /* Release */,
			);
			defaultConfigurationIsVisible = 0;
			defaultConfigurationName = Release;
		};
		C26E47B61C25B8E500D6EA47 /* Build configuration list for PBXNativeTarget "motionTests" */ = {
			isa = XCConfigurationList;
			buildConfigurations = (
				C26E47B71C25B8E500D6EA47 /* Debug */,
				C26E47B81C25B8E500D6EA47 /* Release */,
			);
			defaultConfigurationIsVisible = 0;
			defaultConfigurationName = Release;
		};
		C26E47B91C25B8E500D6EA47 /* Build configuration list for PBXNativeTarget "motionUITests" */ = {
			isa = XCConfigurationList;
			buildConfigurations = (
				C26E47BA1C25B8E500D6EA47 /* Debug */,
				C26E47BB1C25B8E500D6EA47 /* Release */,
			);
			defaultConfigurationIsVisible = 0;
			defaultConfigurationName = Release;
		};
/* End XCConfigurationList section */
	};
	rootObject = C26E47831C25B8E500D6EA47 /* Project object */;
}
